
Microsoft Visual Studio Solution File, Format Version 12.00
# Visual Studio Version 17
VisualStudioVersion = 17.7.34031.279
MinimumVisualStudioVersion = 10.0.40219.1
Project("{FAE04EC0-301F-11D3-BF4B-00C04F79EFBC}") = "WebAppTask.Api", "WebAppTask.Api\WebAppTask.Api.csproj", "{A0B69E6F-6D1C-4F99-806F-92D95D2F47BB}"
EndProject
Project("{FAE04EC0-301F-11D3-BF4B-00C04F79EFBC}") = "WebAppTask.ConsoleApp", "WebAppTask.ConsoleApp\WebAppTask.ConsoleApp.csproj", "{74696995-251E-40E5-BA80-C23FCDBCA1D6}"
EndProject
Global
	GlobalSection(SolutionConfigurationPlatforms) = preSolution
		Debug|Any CPU = Debug|Any CPU
		Release|Any CPU = Release|Any CPU
	EndGlobalSection
	GlobalSection(ProjectConfigurationPlatforms) = postSolution
		{A0B69E6F-6D1C-4F99-806F-92D95D2F47BB}.Debug|Any CPU.ActiveCfg = Debug|Any CPU
		{A0B69E6F-6D1C-4F99-806F-92D95D2F47BB}.Debug|Any CPU.Build.0 = Debug|Any CPU
		{A0B69E6F-6D1C-4F99-806F-92D95D2F47BB}.Release|Any CPU.ActiveCfg = Release|Any CPU
		{A0B69E6F-6D1C-4F99-806F-92D95D2F47BB}.Release|Any CPU.Build.0 = Release|Any CPU
		{74696995-251E-40E5-BA80-C23FCDBCA1D6}.Debug|Any CPU.ActiveCfg = Debug|Any CPU
		{74696995-251E-40E5-BA80-C23FCDBCA1D6}.Debug|Any CPU.Build.0 = Debug|Any CPU
		{74696995-251E-40E5-BA80-C23FCDBCA1D6}.Release|Any CPU.ActiveCfg = Release|Any CPU
		{74696995-251E-40E5-BA80-C23FCDBCA1D6}.Release|Any CPU.Build.0 = Release|Any CPU
	EndGlobalSection
	GlobalSection(SolutionProperties) = preSolution
		HideSolutionNode = FALSE
	EndGlobalSection
	GlobalSection(ExtensibilityGlobals) = postSolution
		SolutionGuid = {BB1CCF2D-B62F-4CA6-B81B-52270A4C2CB5}
	EndGlobalSection
EndGlobal
